
Microsoft Visual Studio Solution File, Format Version 12.00
# Visual Studio Version 17
VisualStudioVersion = 17.14.37216.2 d17.14
MinimumVisualStudioVersion = 10.0.40219.1
Project("{FAE04EC0-301F-11D3-BF4B-00C04F79EFBC}") = "lab5_Voronoi", "lab5_Voronoi\lab5_Voronoi.csproj", "{78B2F89F-0CDC-4D81-A203-D72F7AB38590}"
EndProject
Global
	GlobalSection(SolutionConfigurationPlatforms) = preSolution
		Debug|Any CPU = Debug|Any CPU
		Release|Any CPU = Release|Any CPU
	EndGlobalSection
	GlobalSection(ProjectConfigurationPlatforms) = postSolution
		{78B2F89F-0CDC-4D81-A203-D72F7AB38590}.Debug|Any CPU.ActiveCfg = Debug|Any CPU
		{78B2F89F-0CDC-4D81-A203-D72F7AB38590}.Debug|Any CPU.Build.0 = Debug|Any CPU
		{78B2F89F-0CDC-4D81-A203-D72F7AB38590}.Release|Any CPU.ActiveCfg = Release|Any CPU
		{78B2F89F-0CDC-4D81-A203-D72F7AB38590}.Release|Any CPU.Build.0 = Release|Any CPU
	EndGlobalSection
	GlobalSection(SolutionProperties) = preSolution
		HideSolutionNode = FALSE
	EndGlobalSection
	GlobalSection(ExtensibilityGlobals) = postSolution
		SolutionGuid = {D1EEBC47-ADE7-4548-BF12-445667D87288}
	EndGlobalSection
EndGlobal
