
Microsoft Visual Studio Solution File, Format Version 12.00
# Visual Studio Version 17
VisualStudioVersion = 17.14.37216.2 d17.14
MinimumVisualStudioVersion = 10.0.40219.1
Project("{FAE04EC0-301F-11D3-BF4B-00C04F79EFBC}") = "lab5_HorseRacing", "lab5_HorseRacing\lab5_HorseRacing.csproj", "{6A67B306-F8D4-4714-B240-C50C2EB9CE1C}"
EndProject
Global
	GlobalSection(SolutionConfigurationPlatforms) = preSolution
		Debug|Any CPU = Debug|Any CPU
		Release|Any CPU = Release|Any CPU
	EndGlobalSection
	GlobalSection(ProjectConfigurationPlatforms) = postSolution
		{6A67B306-F8D4-4714-B240-C50C2EB9CE1C}.Debug|Any CPU.ActiveCfg = Debug|Any CPU
		{6A67B306-F8D4-4714-B240-C50C2EB9CE1C}.Debug|Any CPU.Build.0 = Debug|Any CPU
		{6A67B306-F8D4-4714-B240-C50C2EB9CE1C}.Release|Any CPU.ActiveCfg = Release|Any CPU
		{6A67B306-F8D4-4714-B240-C50C2EB9CE1C}.Release|Any CPU.Build.0 = Release|Any CPU
	EndGlobalSection
	GlobalSection(SolutionProperties) = preSolution
		HideSolutionNode = FALSE
	EndGlobalSection
	GlobalSection(ExtensibilityGlobals) = postSolution
		SolutionGuid = {349E8C4F-B44D-423A-95AF-53AF995F8703}
	EndGlobalSection
EndGlobal
